
Microsoft Visual Studio Solution File, Format Version 12.00
# Visual Studio 2013
VisualStudioVersion = 12.0.40629.0
MinimumVisualStudioVersion = 10.0.40219.1
Project("{FAE04EC0-301F-11D3-BF4B-00C04F79EFBC}") = "SinotexPayDemo", "SinotexPayDemo\SinotexPayDemo.csproj", "{04AC80F1-0ECD-48A0-A4A9-F9E07E775BBA}"
EndProject
Project("{FAE04EC0-301F-11D3-BF4B-00C04F79EFBC}") = "SinotexPayDemo.Tests", "SinotexPayDemo.Tests\SinotexPayDemo.Tests.csproj", "{44509C45-E07C-4FAA-8ED0-15389BA55DE7}"
EndProject
Project("{FAE04EC0-301F-11D3-BF4B-00C04F79EFBC}") = "SinotexPayEngine", "SinotexPayEngine\SinotexPayEngine.csproj", "{C6D1800F-C9C5-4F73-A396-07C38F76F797}"
EndProject
Global
	GlobalSection(SolutionConfigurationPlatforms) = preSolution
		Debug|Any CPU = Debug|Any CPU
		Release|Any CPU = Release|Any CPU
	EndGlobalSection
	GlobalSection(ProjectConfigurationPlatforms) = postSolution
		{04AC80F1-0ECD-48A0-A4A9-F9E07E775BBA}.Debug|Any CPU.ActiveCfg = Debug|Any CPU
		{04AC80F1-0ECD-48A0-A4A9-F9E07E775BBA}.Debug|Any CPU.Build.0 = Debug|Any CPU
		{04AC80F1-0ECD-48A0-A4A9-F9E07E775BBA}.Release|Any CPU.ActiveCfg = Release|Any CPU
		{04AC80F1-0ECD-48A0-A4A9-F9E07E775BBA}.Release|Any CPU.Build.0 = Release|Any CPU
		{44509C45-E07C-4FAA-8ED0-15389BA55DE7}.Debug|Any CPU.ActiveCfg = Debug|Any CPU
		{44509C45-E07C-4FAA-8ED0-15389BA55DE7}.Debug|Any CPU.Build.0 = Debug|Any CPU
		{44509C45-E07C-4FAA-8ED0-15389BA55DE7}.Release|Any CPU.ActiveCfg = Release|Any CPU
		{44509C45-E07C-4FAA-8ED0-15389BA55DE7}.Release|Any CPU.Build.0 = Release|Any CPU
		{C6D1800F-C9C5-4F73-A396-07C38F76F797}.Debug|Any CPU.ActiveCfg = Debug|Any CPU
		{C6D1800F-C9C5-4F73-A396-07C38F76F797}.Debug|Any CPU.Build.0 = Debug|Any CPU
		{C6D1800F-C9C5-4F73-A396-07C38F76F797}.Release|Any CPU.ActiveCfg = Release|Any CPU
		{C6D1800F-C9C5-4F73-A396-07C38F76F797}.Release|Any CPU.Build.0 = Release|Any CPU
	EndGlobalSection
	GlobalSection(SolutionProperties) = preSolution
		HideSolutionNode = FALSE
	EndGlobalSection
EndGlobal
